// !$*UTF8*$!
{
	archiveVersion = 1;
	classes = {
	};
	objectVersion = 56;
	objects = {

/* Begin PBXBuildFile section */
		AF72E51A2CAB950E0003AB1B /* AppDelegate.swift in Sources */ = {isa = PBXBuildFile; fileRef = AF72E5192CAB950E0003AB1B /* AppDelegate.swift */; };
		AF72E51C2CAB950E0003AB1B /* SceneDelegate.swift in Sources */ = {isa = PBXBuildFile; fileRef = AF72E51B2CAB950E0003AB1B /* SceneDelegate.swift */; };
		AF72E51E2CAB950E0003AB1B /* ViewController.swift in Sources */ = {isa = PBXBuildFile; fileRef = AF72E51D2CAB950E0003AB1B /* ViewController.swift */; };
		AF72E5232CAB95110003AB1B /* Assets.xcassets in Resources */ = {isa = PBXBuildFile; fileRef = AF72E5222CAB95110003AB1B /* Assets.xcassets */; };
		AF72E5262CAB95110003AB1B /* Base in Resources */ = {isa = PBXBuildFile; fileRef = AF72E5252CAB95110003AB1B /* Base */; };
		AF72E5302CAB96130003AB1B /* ThreeDButton.swift in Sources */ = {isa = PBXBuildFile; fileRef = AF72E52F2CAB96130003AB1B /* ThreeDButton.swift */; };
		AF72E5322CAB9C840003AB1B /* ThreeDIconButton.swift in Sources */ = {isa = PBXBuildFile; fileRef = AF72E5312CAB9C840003AB1B /* ThreeDIconButton.swift */; };
		AF72E5392CABBEF60003AB1B /* CustomTextField.swift in Sources */ = {isa = PBXBuildFile; fileRef = AF72E5382CABBEF60003AB1B /* CustomTextField.swift */; };
/* End PBXBuildFile section */

/* Begin PBXFileReference section */
		AF72E5162CAB950E0003AB1B /* UIKitCustomViews.app */ = {isa = PBXFileReference; explicitFileType = wrapper.application; includeInIndex = 0; path = UIKitCustomViews.app; sourceTree = BUILT_PRODUCTS_DIR; };
		AF72E5192CAB950E0003AB1B /* AppDelegate.swift */ = {isa = PBXFileReference; lastKnownFileType = sourcecode.swift; path = AppDelegate.swift; sourceTree = "<group>"; };
		AF72E51B2CAB950E0003AB1B /* SceneDelegate.swift */ = {isa = PBXFileReference; lastKnownFileType = sourcecode.swift; path = SceneDelegate.swift; sourceTree = "<group>"; };
		AF72E51D2CAB950E0003AB1B /* ViewController.swift */ = {isa = PBXFileReference; lastKnownFileType = sourcecode.swift; path = ViewController.swift; sourceTree = "<group>"; };
		AF72E5222CAB95110003AB1B /* Assets.xcassets */ = {isa = PBXFileReference; lastKnownFileType = folder.assetcatalog; path = Assets.xcassets; sourceTree = "<group>"; };
		AF72E5252CAB95110003AB1B /* Base */ = {isa = PBXFileReference; lastKnownFileType = file.storyboard; name = Base; path = Base.lproj/LaunchScreen.storyboard; sourceTree = "<group>"; };
		AF72E5272CAB95110003AB1B /* Info.plist */ = {isa = PBXFileReference; lastKnownFileType = text.plist.xml; path = Info.plist; sourceTree = "<group>"; };
		AF72E52F2CAB96130003AB1B /* ThreeDButton.swift */ = {isa = PBXFileReference; lastKnownFileType = sourcecode.swift; path = ThreeDButton.swift; sourceTree = "<group>"; };
		AF72E5312CAB9C840003AB1B /* ThreeDIconButton.swift */ = {isa = PBXFileReference; lastKnownFileType = sourcecode.swift; path = ThreeDIconButton.swift; sourceTree = "<group>"; };
		AF72E5382CABBEF60003AB1B /* CustomTextField.swift */ = {isa = PBXFileReference; lastKnownFileType = sourcecode.swift; path = CustomTextField.swift; sourceTree = "<group>"; };
/* End PBXFileReference section */

/* Begin PBXFrameworksBuildPhase section */
		AF72E5132CAB950E0003AB1B /* Frameworks */ = {
			isa = PBXFrameworksBuildPhase;
			buildActionMask = 2147483647;
			files = (
			);
			runOnlyForDeploymentPostprocessing = 0;
		};
/* End PBXFrameworksBuildPhase section */

/* Begin PBXGroup section */
		AF72E50D2CAB950E0003AB1B = {
			isa = PBXGroup;
			children = (
				AF72E5182CAB950E0003AB1B /* UIKitCustomViews */,
				AF72E5172CAB950E0003AB1B /* Products */,
			);
			sourceTree = "<group>";
		};
		AF72E5172CAB950E0003AB1B /* Products */ = {
			isa = PBXGroup;
			children = (
				AF72E5162CAB950E0003AB1B /* UIKitCustomViews.app */,
			);
			name = Products;
			sourceTree = "<group>";
		};
		AF72E5182CAB950E0003AB1B /* UIKitCustomViews */ = {
			isa = PBXGroup;
			children = (
				AF72E5372CABBEE50003AB1B /* Textfield */,
				AF72E52E2CAB95F20003AB1B /* Button */,
				AF72E52D2CAB95E00003AB1B /* Supports */,
				AF72E5222CAB95110003AB1B /* Assets.xcassets */,
				AF72E5242CAB95110003AB1B /* LaunchScreen.storyboard */,
				AF72E5272CAB95110003AB1B /* Info.plist */,
			);
			path = UIKitCustomViews;
			sourceTree = "<group>";
		};
		AF72E52D2CAB95E00003AB1B /* Supports */ = {
			isa = PBXGroup;
			children = (
				AF72E51D2CAB950E0003AB1B /* ViewController.swift */,
				AF72E51B2CAB950E0003AB1B /* SceneDelegate.swift */,
				AF72E5192CAB950E0003AB1B /* AppDelegate.swift */,
			);
			path = Supports;
			sourceTree = "<group>";
		};
		AF72E52E2CAB95F20003AB1B /* Button */ = {
			isa = PBXGroup;
			children = (
				AF72E52F2CAB96130003AB1B /* ThreeDButton.swift */,
				AF72E5312CAB9C840003AB1B /* ThreeDIconButton.swift */,
			);
			path = Button;
			sourceTree = "<group>";
		};
		AF72E5372CABBEE50003AB1B /* Textfield */ = {
			isa = PBXGroup;
			children = (
				AF72E5382CABBEF60003AB1B /* CustomTextField.swift */,
			);
			path = Textfield;
			sourceTree = "<group>";
		};
/* End PBXGroup section */

/* Begin PBXNativeTarget section */
		AF72E5152CAB950E0003AB1B /* UIKitCustomViews */ = {
			isa = PBXNativeTarget;
			buildConfigurationList = AF72E52A2CAB95110003AB1B /* Build configuration list for PBXNativeTarget "UIKitCustomViews" */;
			buildPhases = (
				AF72E5122CAB950E0003AB1B /* Sources */,
				AF72E5132CAB950E0003AB1B /* Frameworks */,
				AF72E5142CAB950E0003AB1B /* Resources */,
			);
			buildRules = (
			);
			dependencies = (
			);
			name = UIKitCustomViews;
			productName = UIKitCustomViews;
			productReference = AF72E5162CAB950E0003AB1B /* UIKitCustomViews.app */;
			productType = "com.apple.product-type.application";
		};
/* End PBXNativeTarget section */

/* Begin PBXProject section */
		AF72E50E2CAB950E0003AB1B /* Project object */ = {
			isa = PBXProject;
			attributes = {
				BuildIndependentTargetsInParallel = 1;
				LastSwiftUpdateCheck = 1540;
				LastUpgradeCheck = 1540;
				TargetAttributes = {
					AF72E5152CAB950E0003AB1B = {
						CreatedOnToolsVersion = 15.4;
					};
				};
			};
			buildConfigurationList = AF72E5112CAB950E0003AB1B /* Build configuration list for PBXProject "UIKitCustomViews" */;
			compatibilityVersion = "Xcode 14.0";
			developmentRegion = en;
			hasScannedForEncodings = 0;
			knownRegions = (
				en,
				Base,
			);
			mainGroup = AF72E50D2CAB950E0003AB1B;
			productRefGroup = AF72E5172CAB950E0003AB1B /* Products */;
			projectDirPath = "";
			projectRoot = "";
			targets = (
				AF72E5152CAB950E0003AB1B /* UIKitCustomViews */,
			);
		};
/* End PBXProject section */

/* Begin PBXResourcesBuildPhase section */
		AF72E5142CAB950E0003AB1B /* Resources */ = {
			isa = PBXResourcesBuildPhase;
			buildActionMask = 2147483647;
			files = (
				AF72E5232CAB95110003AB1B /* Assets.xcassets in Resources */,
				AF72E5262CAB95110003AB1B /* Base in Resources */,
			);
			runOnlyForDeploymentPostprocessing = 0;
		};
/* End PBXResourcesBuildPhase section */

/* Begin PBXSourcesBuildPhase section */
		AF72E5122CAB950E0003AB1B /* Sources */ = {
			isa = PBXSourcesBuildPhase;
			buildActionMask = 2147483647;
			files = (
				AF72E51E2CAB950E0003AB1B /* ViewController.swift in Sources */,
				AF72E5322CAB9C840003AB1B /* ThreeDIconButton.swift in Sources */,
				AF72E5392CABBEF60003AB1B /* CustomTextField.swift in Sources */,
				AF72E5302CAB96130003AB1B /* ThreeDButton.swift in Sources */,
				AF72E51A2CAB950E0003AB1B /* AppDelegate.swift in Sources */,
				AF72E51C2CAB950E0003AB1B /* SceneDelegate.swift in Sources */,
			);
			runOnlyForDeploymentPostprocessing = 0;
		};
/* End PBXSourcesBuildPhase section */

/* Begin PBXVariantGroup section */
		AF72E5242CAB95110003AB1B /* LaunchScreen.storyboard */ = {
			isa = PBXVariantGroup;
			children = (
				AF72E5252CAB95110003AB1B /* Base */,
			);
			name = LaunchScreen.storyboard;
			sourceTree = "<group>";
		};
/* End PBXVariantGroup section */

/* Begin XCBuildConfiguration section */
		AF72E5282CAB95110003AB1B /* Debug */ = {
			isa = XCBuildConfiguration;
			buildSettings = {
				ALWAYS_SEARCH_USER_PATHS = NO;
				ASSETCATALOG_COMPILER_GENERATE_SWIFT_ASSET_SYMBOL_EXTENSIONS = YES;
				CLANG_ANALYZER_NONNULL = YES;
				CLANG_ANALYZER_NUMBER_OBJECT_CONVERSION = YES_AGGRESSIVE;
				CLANG_CXX_LANGUAGE_STANDARD = "gnu++20";
				CLANG_ENABLE_MODULES = YES;
				CLANG_ENABLE_OBJC_ARC = YES;
				CLANG_ENABLE_OBJC_WEAK = YES;
				CLANG_WARN_BLOCK_CAPTURE_AUTORELEASING = YES;
				CLANG_WARN_BOOL_CONVERSION = YES;
				CLANG_WARN_COMMA = YES;
				CLANG_WARN_CONSTANT_CONVERSION = YES;
				CLANG_WARN_DEPRECATED_OBJC_IMPLEMENTATIONS = YES;
				CLANG_WARN_DIRECT_OBJC_ISA_USAGE = YES_ERROR;
				CLANG_WARN_DOCUMENTATION_COMMENTS = YES;
				CLANG_WARN_EMPTY_BODY = YES;
				CLANG_WARN_ENUM_CONVERSION = YES;
				CLANG_WARN_INFINITE_RECURSION = YES;
				CLANG_WARN_INT_CONVERSION = YES;
				CLANG_WARN_NON_LITERAL_NULL_CONVERSION = YES;
				CLANG_WARN_OBJC_IMPLICIT_RETAIN_SELF = YES;
				CLANG_WARN_OBJC_LITERAL_CONVERSION = YES;
				CLANG_WARN_OBJC_ROOT_CLASS = YES_ERROR;
				CLANG_WARN_QUOTED_INCLUDE_IN_FRAMEWORK_HEADER = YES;
				CLANG_WARN_RANGE_LOOP_ANALYSIS = YES;
				CLANG_WARN_STRICT_PROTOTYPES = YES;
				CLANG_WARN_SUSPICIOUS_MOVE = YES;
				CLANG_WARN_UNGUARDED_AVAILABILITY = YES_AGGRESSIVE;
				CLANG_WARN_UNREACHABLE_CODE = YES;
				CLANG_WARN__DUPLICATE_METHOD_MATCH = YES;
				COPY_PHASE_STRIP = NO;
				DEBUG_INFORMATION_FORMAT = dwarf;
				ENABLE_STRICT_OBJC_MSGSEND = YES;
				ENABLE_TESTABILITY = YES;
				ENABLE_USER_SCRIPT_SANDBOXING = YES;
				GCC_C_LANGUAGE_STANDARD = gnu17;
				GCC_DYNAMIC_NO_PIC = NO;
				GCC_NO_COMMON_BLOCKS = YES;
				GCC_OPTIMIZATION_LEVEL = 0;
				GCC_PREPROCESSOR_DEFINITIONS = (
					"DEBUG=1",
					"$(inherited)",
				);
				GCC_WARN_64_TO_32_BIT_CONVERSION = YES;
				GCC_WARN_ABOUT_RETURN_TYPE = YES_ERROR;
				GCC_WARN_UNDECLARED_SELECTOR = YES;
				GCC_WARN_UNINITIALIZED_AUTOS = YES_AGGRESSIVE;
				GCC_WARN_UNUSED_FUNCTION = YES;
				GCC_WARN_UNUSED_VARIABLE = YES;
				IPHONEOS_DEPLOYMENT_TARGET = 15.0;
				LOCALIZATION_PREFERS_STRING_CATALOGS = YES;
				MTL_ENABLE_DEBUG_INFO = INCLUDE_SOURCE;
				MTL_FAST_MATH = YES;
				ONLY_ACTIVE_ARCH = YES;
				SDKROOT = iphoneos;
				SWIFT_ACTIVE_COMPILATION_CONDITIONS = "DEBUG $(inherited)";
				SWIFT_OPTIMIZATION_LEVEL = "-Onone";
			};
			name = Debug;
		};
		AF72E5292CAB95110003AB1B /* Release */ = {
			isa = XCBuildConfiguration;
			buildSettings = {
				ALWAYS_SEARCH_USER_PATHS = NO;
				ASSETCATALOG_COMPILER_GENERATE_SWIFT_ASSET_SYMBOL_EXTENSIONS = YES;
				CLANG_ANALYZER_NONNULL = YES;
				CLANG_ANALYZER_NUMBER_OBJECT_CONVERSION = YES_AGGRESSIVE;
				CLANG_CXX_LANGUAGE_STANDARD = "gnu++20";
				CLANG_ENABLE_MODULES = YES;
				CLANG_ENABLE_OBJC_ARC = YES;
				CLANG_ENABLE_OBJC_WEAK = YES;
				CLANG_WARN_BLOCK_CAPTURE_AUTORELEASING = YES;
				CLANG_WARN_BOOL_CONVERSION = YES;
				CLANG_WARN_COMMA = YES;
				CLANG_WARN_CONSTANT_CONVERSION = YES;
				CLANG_WARN_DEPRECATED_OBJC_IMPLEMENTATIONS = YES;
				CLANG_WARN_DIRECT_OBJC_ISA_USAGE = YES_ERROR;
				CLANG_WARN_DOCUMENTATION_COMMENTS = YES;
				CLANG_WARN_EMPTY_BODY = YES;
				CLANG_WARN_ENUM_CONVERSION = YES;
				CLANG_WARN_INFINITE_RECURSION = YES;
				CLANG_WARN_INT_CONVERSION = YES;
				CLANG_WARN_NON_LITERAL_NULL_CONVERSION = YES;
				CLANG_WARN_OBJC_IMPLICIT_RETAIN_SELF = YES;
				CLANG_WARN_OBJC_LITERAL_CONVERSION = YES;
				CLANG_WARN_OBJC_ROOT_CLASS = YES_ERROR;
				CLANG_WARN_QUOTED_INCLUDE_IN_FRAMEWORK_HEADER = YES;
				CLANG_WARN_RANGE_LOOP_ANALYSIS = YES;
				CLANG_WARN_STRICT_PROTOTYPES = YES;
				CLANG_WARN_SUSPICIOUS_MOVE = YES;
				CLANG_WARN_UNGUARDED_AVAILABILITY = YES_AGGRESSIVE;
				CLANG_WARN_UNREACHABLE_CODE = YES;
				CLANG_WARN__DUPLICATE_METHOD_MATCH = YES;
				COPY_PHASE_STRIP = NO;
				DEBUG_INFORMATION_FORMAT = "dwarf-with-dsym";
				ENABLE_NS_ASSERTIONS = NO;
				ENABLE_STRICT_OBJC_MSGSEND = YES;
				ENABLE_USER_SCRIPT_SANDBOXING = YES;
				GCC_C_LANGUAGE_STANDARD = gnu17;
				GCC_NO_COMMON_BLOCKS = YES;
				GCC_WARN_64_TO_32_BIT_CONVERSION = YES;
				GCC_WARN_ABOUT_RETURN_TYPE = YES_ERROR;
				GCC_WARN_UNDECLARED_SELECTOR = YES;
				GCC_WARN_UNINITIALIZED_AUTOS = YES_AGGRESSIVE;
				GCC_WARN_UNUSED_FUNCTION = YES;
				GCC_WARN_UNUSED_VARIABLE = YES;
				IPHONEOS_DEPLOYMENT_TARGET = 15.0;
				LOCALIZATION_PREFERS_STRING_CATALOGS = YES;
				MTL_ENABLE_DEBUG_INFO = NO;
				MTL_FAST_MATH = YES;
				SDKROOT = iphoneos;
				SWIFT_COMPILATION_MODE = wholemodule;
				VALIDATE_PRODUCT = YES;
			};
			name = Release;
		};
		AF72E52B2CAB95110003AB1B /* Debug */ = {
			isa = XCBuildConfiguration;
			buildSettings = {
				ASSETCATALOG_COMPILER_APPICON_NAME = AppIcon;
				ASSETCATALOG_COMPILER_GLOBAL_ACCENT_COLOR_NAME = AccentColor;
				CODE_SIGN_STYLE = Automatic;
				CURRENT_PROJECT_VERSION = 1;
				DEVELOPMENT_TEAM = N5MYS96KJV;
				GENERATE_INFOPLIST_FILE = YES;
				INFOPLIST_FILE = UIKitCustomViews/Info.plist;
				INFOPLIST_KEY_UIApplicationSupportsIndirectInputEvents = YES;
				INFOPLIST_KEY_UILaunchStoryboardName = LaunchScreen;
				INFOPLIST_KEY_UISupportedInterfaceOrientations_iPad = "UIInterfaceOrientationPortrait UIInterfaceOrientationPortraitUpsideDown UIInterfaceOrientationLandscapeLeft UIInterfaceOrientationLandscapeRight";
				INFOPLIST_KEY_UISupportedInterfaceOrientations_iPhone = "UIInterfaceOrientationPortrait UIInterfaceOrientationLandscapeLeft UIInterfaceOrientationLandscapeRight";
				IPHONEOS_DEPLOYMENT_TARGET = 15.0;
				LD_RUNPATH_SEARCH_PATHS = (
					"$(inherited)",
					"@executable_path/Frameworks",
				);
				MARKETING_VERSION = 1.0;
				PRODUCT_BUNDLE_IDENTIFIER = com.huang.UIKitCustomViews;
				PRODUCT_NAME = "$(TARGET_NAME)";
				SUPPORTED_PLATFORMS = "iphoneos iphonesimulator";
				SUPPORTS_MACCATALYST = NO;
				SUPPORTS_MAC_DESIGNED_FOR_IPHONE_IPAD = NO;
				SUPPORTS_XR_DESIGNED_FOR_IPHONE_IPAD = NO;
				SWIFT_EMIT_LOC_STRINGS = YES;
				SWIFT_VERSION = 5.0;
				TARGETED_DEVICE_FAMILY = 1;
			};
			name = Debug;
		};
		AF72E52C2CAB95110003AB1B /* Release */ = {
			isa = XCBuildConfiguration;
			buildSettings = {
				ASSETCATALOG_COMPILER_APPICON_NAME = AppIcon;
				ASSETCATALOG_COMPILER_GLOBAL_ACCENT_COLOR_NAME = AccentColor;
				CODE_SIGN_STYLE = Automatic;
				CURRENT_PROJECT_VERSION = 1;
				DEVELOPMENT_TEAM = N5MYS96KJV;
				GENERATE_INFOPLIST_FILE = YES;
				INFOPLIST_FILE = UIKitCustomViews/Info.plist;
				INFOPLIST_KEY_UIApplicationSupportsIndirectInputEvents = YES;
				INFOPLIST_KEY_UILaunchStoryboardName = LaunchScreen;
				INFOPLIST_KEY_UISupportedInterfaceOrientations_iPad = "UIInterfaceOrientationPortrait UIInterfaceOrientationPortraitUpsideDown UIInterfaceOrientationLandscapeLeft UIInterfaceOrientationLandscapeRight";
				INFOPLIST_KEY_UISupportedInterfaceOrientations_iPhone = "UIInterfaceOrientationPortrait UIInterfaceOrientationLandscapeLeft UIInterfaceOrientationLandscapeRight";
				IPHONEOS_DEPLOYMENT_TARGET = 15.0;
				LD_RUNPATH_SEARCH_PATHS = (
					"$(inherited)",
					"@executable_path/Frameworks",
				);
				MARKETING_VERSION = 1.0;
				PRODUCT_BUNDLE_IDENTIFIER = com.huang.UIKitCustomViews;
				PRODUCT_NAME = "$(TARGET_NAME)";
				SUPPORTED_PLATFORMS = "iphoneos iphonesimulator";
				SUPPORTS_MACCATALYST = NO;
				SUPPORTS_MAC_DESIGNED_FOR_IPHONE_IPAD = NO;
				SUPPORTS_XR_DESIGNED_FOR_IPHONE_IPAD = NO;
				SWIFT_EMIT_LOC_STRINGS = YES;
				SWIFT_VERSION = 5.0;
				TARGETED_DEVICE_FAMILY = 1;
			};
			name = Release;
		};
/* End XCBuildConfiguration section */

/* Begin XCConfigurationList section */
		AF72E5112CAB950E0003AB1B /* Build configuration list for PBXProject "UIKitCustomViews" */ = {
			isa = XCConfigurationList;
			buildConfigurations = (
				AF72E5282CAB95110003AB1B /* Debug */,
				AF72E5292CAB95110003AB1B /* Release */,
			);
			defaultConfigurationIsVisible = 0;
			defaultConfigurationName = Release;
		};
		AF72E52A2CAB95110003AB1B /* Build configuration list for PBXNativeTarget "UIKitCustomViews" */ = {
			isa = XCConfigurationList;
			buildConfigurations = (
				AF72E52B2CAB95110003AB1B /* Debug */,
				AF72E52C2CAB95110003AB1B /* Release */,
			);
			defaultConfigurationIsVisible = 0;
			defaultConfigurationName = Release;
		};
/* End XCConfigurationList section */
	};
	rootObject = AF72E50E2CAB950E0003AB1B /* Project object */;
}
